
Microsoft Visual Studio Solution File, Format Version 12.00
# Visual Studio Version 17
VisualStudioVersion = 17.9.34701.34
MinimumVisualStudioVersion = 10.0.40219.1
Project("{FAE04EC0-301F-11D3-BF4B-00C04F79EFBC}") = "SeleniumFirstApp", "SeleniumFirstApp\SeleniumFirstApp.csproj", "{7EFC7C95-3557-4D49-866F-1FA3C1E6F5FB}"
EndProject
Global
	GlobalSection(SolutionConfigurationPlatforms) = preSolution
		Debug|Any CPU = Debug|Any CPU
		Release|Any CPU = Release|Any CPU
	EndGlobalSection
	GlobalSection(ProjectConfigurationPlatforms) = postSolution
		{7EFC7C95-3557-4D49-866F-1FA3C1E6F5FB}.Debug|Any CPU.ActiveCfg = Debug|Any CPU
		{7EFC7C95-3557-4D49-866F-1FA3C1E6F5FB}.Debug|Any CPU.Build.0 = Debug|Any CPU
		{7EFC7C95-3557-4D49-866F-1FA3C1E6F5FB}.Release|Any CPU.ActiveCfg = Release|Any CPU
		{7EFC7C95-3557-4D49-866F-1FA3C1E6F5FB}.Release|Any CPU.Build.0 = Release|Any CPU
	EndGlobalSection
	GlobalSection(SolutionProperties) = preSolution
		HideSolutionNode = FALSE
	EndGlobalSection
	GlobalSection(ExtensibilityGlobals) = postSolution
		SolutionGuid = {19D4D230-4393-4B16-8CE7-9BBB7ACBD061}
	EndGlobalSection
EndGlobal
